// !$*UTF8*$!
{
	archiveVersion = 1;
	classes = {
	};
	objectVersion = 50;
	objects = {

/* Begin PBXBuildFile section */
		DB0660F021F793D9007F6989 /* Assets.xcassets in Resources */ = {isa = PBXBuildFile; fileRef = DB0660EF21F793D9007F6989 /* Assets.xcassets */; };
		DB0660F321F793DA007F6989 /* LaunchScreen.storyboard in Resources */ = {isa = PBXBuildFile; fileRef = DB0660F121F793DA007F6989 /* LaunchScreen.storyboard */; };
		DB0F28F0221302E900784EE5 /* AddMoreViewController.swift in Sources */ = {isa = PBXBuildFile; fileRef = DB0F28EF221302E900784EE5 /* AddMoreViewController.swift */; };
		DB3BFA52221194C80074EE25 /* DataBaseManager.swift in Sources */ = {isa = PBXBuildFile; fileRef = DB3BFA51221194C80074EE25 /* DataBaseManager.swift */; };
		DB3BFA5C2211A7060074EE25 /* DepartmentBook.xcdatamodeld in Sources */ = {isa = PBXBuildFile; fileRef = DB3BFA5A2211A7060074EE25 /* DepartmentBook.xcdatamodeld */; };
		DB3BFA672211BFB00074EE25 /* EmployeeProfile.swift in Sources */ = {isa = PBXBuildFile; fileRef = DB3BFA662211BFB00074EE25 /* EmployeeProfile.swift */; };
		DB3BFA692211C4930074EE25 /* EmployeeProfileController.swift in Sources */ = {isa = PBXBuildFile; fileRef = DB3BFA682211C4930074EE25 /* EmployeeProfileController.swift */; };
		DBA6F3E522118B12003ABF10 /* HomeViewController.swift in Sources */ = {isa = PBXBuildFile; fileRef = DBA6F3E422118B12003ABF10 /* HomeViewController.swift */; };
		DBA6F3E722118FD4003ABF10 /* EmployeeCell.swift in Sources */ = {isa = PBXBuildFile; fileRef = DBA6F3E622118FD4003ABF10 /* EmployeeCell.swift */; };
		EDF64018221A9B19001332EC /* EmployeeProfileImagePicker.swift in Sources */ = {isa = PBXBuildFile; fileRef = EDF64017221A9B19001332EC /* EmployeeProfileImagePicker.swift */; };
		EDF6401A221AA094001332EC /* DepartmentTableViewController.swift in Sources */ = {isa = PBXBuildFile; fileRef = EDF64019221AA094001332EC /* DepartmentTableViewController.swift */; };
		EDF6401C221AA0CC001332EC /* GeneralCell.swift in Sources */ = {isa = PBXBuildFile; fileRef = EDF6401B221AA0CC001332EC /* GeneralCell.swift */; };
		EDF6401F221AA59A001332EC /* RoleTableViewController.swift in Sources */ = {isa = PBXBuildFile; fileRef = EDF6401E221AA59A001332EC /* RoleTableViewController.swift */; };
		EDF64021221AEF94001332EC /* SectionData.swift in Sources */ = {isa = PBXBuildFile; fileRef = EDF64020221AEF94001332EC /* SectionData.swift */; };
		EDF64025221BFD67001332EC /* SelectableEmployeeCell.swift in Sources */ = {isa = PBXBuildFile; fileRef = EDF64024221BFD67001332EC /* SelectableEmployeeCell.swift */; };
		EDF64027221C1442001332EC /* HomeTableViewDelegates.swift in Sources */ = {isa = PBXBuildFile; fileRef = EDF64026221C1442001332EC /* HomeTableViewDelegates.swift */; };
		EDF8430822156358009ABF71 /* AppDelegate.swift in Sources */ = {isa = PBXBuildFile; fileRef = EDF8430722156357009ABF71 /* AppDelegate.swift */; };
		EDF8430D22156755009ABF71 /* AlertController.swift in Sources */ = {isa = PBXBuildFile; fileRef = EDF8430C22156755009ABF71 /* AlertController.swift */; };
		EDF8431B22156B24009ABF71 /* AddEntityView.swift in Sources */ = {isa = PBXBuildFile; fileRef = EDF8431A22156B24009ABF71 /* AddEntityView.swift */; };
		EDF8432022157C9E009ABF71 /* AddMoreTextDelegate.swift in Sources */ = {isa = PBXBuildFile; fileRef = EDF8431F22157C9E009ABF71 /* AddMoreTextDelegate.swift */; };
		EDF84323221580D2009ABF71 /* ManagerTableViewController.swift in Sources */ = {isa = PBXBuildFile; fileRef = EDF84322221580D2009ABF71 /* ManagerTableViewController.swift */; };
		EDF8432722158F98009ABF71 /* ReusableHeader.swift in Sources */ = {isa = PBXBuildFile; fileRef = EDF8432622158F98009ABF71 /* ReusableHeader.swift */; };
		EDF8432C22159B04009ABF71 /* HomeTableView.swift in Sources */ = {isa = PBXBuildFile; fileRef = EDF8432B22159B04009ABF71 /* HomeTableView.swift */; };
		EDF843342215AE97009ABF71 /* AddMoreImagePickerExtension.swift in Sources */ = {isa = PBXBuildFile; fileRef = EDF843332215AE97009ABF71 /* AddMoreImagePickerExtension.swift */; };
/* End PBXBuildFile section */

/* Begin PBXContainerItemProxy section */
		DB0660FA21F793DA007F6989 /* PBXContainerItemProxy */ = {
			isa = PBXContainerItemProxy;
			containerPortal = DB0660DD21F793D5007F6989 /* Project object */;
			proxyType = 1;
			remoteGlobalIDString = DB0660E421F793D5007F6989;
			remoteInfo = inern;
		};
		DB06610521F793DA007F6989 /* PBXContainerItemProxy */ = {
			isa = PBXContainerItemProxy;
			containerPortal = DB0660DD21F793D5007F6989 /* Project object */;
			proxyType = 1;
			remoteGlobalIDString = DB0660E421F793D5007F6989;
			remoteInfo = inern;
		};
/* End PBXContainerItemProxy section */

/* Begin PBXFileReference section */
		DB0660E521F793D5007F6989 /* Internship.app */ = {isa = PBXFileReference; explicitFileType = wrapper.application; includeInIndex = 0; path = Internship.app; sourceTree = BUILT_PRODUCTS_DIR; };
		DB0660EF21F793D9007F6989 /* Assets.xcassets */ = {isa = PBXFileReference; lastKnownFileType = folder.assetcatalog; path = Assets.xcassets; sourceTree = "<group>"; };
		DB0660F221F793DA007F6989 /* Base */ = {isa = PBXFileReference; lastKnownFileType = file.storyboard; name = Base; path = Base.lproj/LaunchScreen.storyboard; sourceTree = "<group>"; };
		DB0660F421F793DA007F6989 /* Info.plist */ = {isa = PBXFileReference; lastKnownFileType = text.plist.xml; path = Info.plist; sourceTree = "<group>"; };
		DB0660F921F793DA007F6989 /* InternshipTests.xctest */ = {isa = PBXFileReference; explicitFileType = wrapper.cfbundle; includeInIndex = 0; path = InternshipTests.xctest; sourceTree = BUILT_PRODUCTS_DIR; };
		DB06610421F793DA007F6989 /* InternshipUITests.xctest */ = {isa = PBXFileReference; explicitFileType = wrapper.cfbundle; includeInIndex = 0; path = InternshipUITests.xctest; sourceTree = BUILT_PRODUCTS_DIR; };
		DB0F28EF221302E900784EE5 /* AddMoreViewController.swift */ = {isa = PBXFileReference; lastKnownFileType = sourcecode.swift; path = AddMoreViewController.swift; sourceTree = "<group>"; };
		DB3BFA51221194C80074EE25 /* DataBaseManager.swift */ = {isa = PBXFileReference; lastKnownFileType = sourcecode.swift; path = DataBaseManager.swift; sourceTree = "<group>"; };
		DB3BFA5B2211A7060074EE25 /* DepartmentBook.xcdatamodel */ = {isa = PBXFileReference; lastKnownFileType = wrapper.xcdatamodel; path = DepartmentBook.xcdatamodel; sourceTree = "<group>"; };
		DB3BFA662211BFB00074EE25 /* EmployeeProfile.swift */ = {isa = PBXFileReference; lastKnownFileType = sourcecode.swift; path = EmployeeProfile.swift; sourceTree = "<group>"; };
		DB3BFA682211C4930074EE25 /* EmployeeProfileController.swift */ = {isa = PBXFileReference; lastKnownFileType = sourcecode.swift; path = EmployeeProfileController.swift; sourceTree = "<group>"; };
		DBA6F3E422118B12003ABF10 /* HomeViewController.swift */ = {isa = PBXFileReference; lastKnownFileType = sourcecode.swift; path = HomeViewController.swift; sourceTree = "<group>"; };
		DBA6F3E622118FD4003ABF10 /* EmployeeCell.swift */ = {isa = PBXFileReference; lastKnownFileType = sourcecode.swift; path = EmployeeCell.swift; sourceTree = "<group>"; };
		EDF64017221A9B19001332EC /* EmployeeProfileImagePicker.swift */ = {isa = PBXFileReference; lastKnownFileType = sourcecode.swift; path = EmployeeProfileImagePicker.swift; sourceTree = "<group>"; };
		EDF64019221AA094001332EC /* DepartmentTableViewController.swift */ = {isa = PBXFileReference; lastKnownFileType = sourcecode.swift; path = DepartmentTableViewController.swift; sourceTree = "<group>"; };
		EDF6401B221AA0CC001332EC /* GeneralCell.swift */ = {isa = PBXFileReference; lastKnownFileType = sourcecode.swift; path = GeneralCell.swift; sourceTree = "<group>"; };
		EDF6401E221AA59A001332EC /* RoleTableViewController.swift */ = {isa = PBXFileReference; lastKnownFileType = sourcecode.swift; path = RoleTableViewController.swift; sourceTree = "<group>"; };
		EDF64020221AEF94001332EC /* SectionData.swift */ = {isa = PBXFileReference; lastKnownFileType = sourcecode.swift; path = SectionData.swift; sourceTree = "<group>"; };
		EDF64024221BFD67001332EC /* SelectableEmployeeCell.swift */ = {isa = PBXFileReference; lastKnownFileType = sourcecode.swift; path = SelectableEmployeeCell.swift; sourceTree = "<group>"; };
		EDF64026221C1442001332EC /* HomeTableViewDelegates.swift */ = {isa = PBXFileReference; lastKnownFileType = sourcecode.swift; path = HomeTableViewDelegates.swift; sourceTree = "<group>"; };
		EDF8430722156357009ABF71 /* AppDelegate.swift */ = {isa = PBXFileReference; fileEncoding = 4; lastKnownFileType = sourcecode.swift; name = AppDelegate.swift; path = "../../../../Users/sys-246/Projects/Internship/Internship/Application/Main/AppDelegate.swift"; sourceTree = DEVELOPER_DIR; };
		EDF8430C22156755009ABF71 /* AlertController.swift */ = {isa = PBXFileReference; lastKnownFileType = sourcecode.swift; path = AlertController.swift; sourceTree = "<group>"; };
		EDF8431A22156B24009ABF71 /* AddEntityView.swift */ = {isa = PBXFileReference; lastKnownFileType = sourcecode.swift; path = AddEntityView.swift; sourceTree = "<group>"; };
		EDF8431F22157C9E009ABF71 /* AddMoreTextDelegate.swift */ = {isa = PBXFileReference; lastKnownFileType = sourcecode.swift; path = AddMoreTextDelegate.swift; sourceTree = "<group>"; };
		EDF84322221580D2009ABF71 /* ManagerTableViewController.swift */ = {isa = PBXFileReference; lastKnownFileType = sourcecode.swift; path = ManagerTableViewController.swift; sourceTree = "<group>"; };
		EDF8432622158F98009ABF71 /* ReusableHeader.swift */ = {isa = PBXFileReference; lastKnownFileType = sourcecode.swift; name = ReusableHeader.swift; path = Internship/Application/UI/Cells/ReusableHeader.swift; sourceTree = SOURCE_ROOT; };
		EDF8432B22159B04009ABF71 /* HomeTableView.swift */ = {isa = PBXFileReference; lastKnownFileType = sourcecode.swift; path = HomeTableView.swift; sourceTree = "<group>"; };
		EDF843332215AE97009ABF71 /* AddMoreImagePickerExtension.swift */ = {isa = PBXFileReference; lastKnownFileType = sourcecode.swift; path = AddMoreImagePickerExtension.swift; sourceTree = "<group>"; };
/* End PBXFileReference section */

/* Begin PBXFrameworksBuildPhase section */
		DB0660E221F793D5007F6989 /* Frameworks */ = {
			isa = PBXFrameworksBuildPhase;
			buildActionMask = 2147483647;
			files = (
			);
			runOnlyForDeploymentPostprocessing = 0;
		};
		DB0660F621F793DA007F6989 /* Frameworks */ = {
			isa = PBXFrameworksBuildPhase;
			buildActionMask = 2147483647;
			files = (
			);
			runOnlyForDeploymentPostprocessing = 0;
		};
		DB06610121F793DA007F6989 /* Frameworks */ = {
			isa = PBXFrameworksBuildPhase;
			buildActionMask = 2147483647;
			files = (
			);
			runOnlyForDeploymentPostprocessing = 0;
		};
/* End PBXFrameworksBuildPhase section */

/* Begin PBXGroup section */
		DB0660DC21F793D5007F6989 = {
			isa = PBXGroup;
			children = (
				DB0660E721F793D5007F6989 /* Internship */,
				DB0660E621F793D5007F6989 /* Products */,
			);
			sourceTree = "<group>";
		};
		DB0660E621F793D5007F6989 /* Products */ = {
			isa = PBXGroup;
			children = (
				DB0660E521F793D5007F6989 /* Internship.app */,
				DB0660F921F793DA007F6989 /* InternshipTests.xctest */,
				DB06610421F793DA007F6989 /* InternshipUITests.xctest */,
			);
			name = Products;
			sourceTree = "<group>";
		};
		DB0660E721F793D5007F6989 /* Internship */ = {
			isa = PBXGroup;
			children = (
				DBA6F3EA221191A5003ABF10 /* Application */,
				DBA6F3EC2211921F003ABF10 /* Assets */,
			);
			path = Internship;
			sourceTree = "<group>";
		};
		DB3BFA502211949F0074EE25 /* CoreData */ = {
			isa = PBXGroup;
			children = (
				DB3BFA51221194C80074EE25 /* DataBaseManager.swift */,
				DB3BFA5A2211A7060074EE25 /* DepartmentBook.xcdatamodeld */,
			);
			path = CoreData;
			sourceTree = "<group>";
		};
		DBA6F3E8221190EB003ABF10 /* Controllers */ = {
			isa = PBXGroup;
			children = (
				EDF6401D221AA2AD001332EC /* Common */,
				EDF8431E22157C81009ABF71 /* Add */,
				ED77A4682216DA96004FF4B2 /* Edit */,
				EDF8432822159760009ABF71 /* Main */,
			);
			path = Controllers;
			sourceTree = "<group>";
		};
		DBA6F3E922119105003ABF10 /* UI */ = {
			isa = PBXGroup;
			children = (
				EDF64023221AFCF6001332EC /* Cells */,
				EDF64022221AFCE3001332EC /* Views */,
				DB0660F121F793DA007F6989 /* LaunchScreen.storyboard */,
			);
			path = UI;
			sourceTree = "<group>";
		};
		DBA6F3EA221191A5003ABF10 /* Application */ = {
			isa = PBXGroup;
			children = (
				EDF84309221566F1009ABF71 /* Common */,
				DBA6F3E8221190EB003ABF10 /* Controllers */,
				DB3BFA502211949F0074EE25 /* CoreData */,
				DBA6F3EB2211920D003ABF10 /* Main */,
				DBA6F3E922119105003ABF10 /* UI */,
			);
			path = Application;
			sourceTree = "<group>";
		};
		DBA6F3EB2211920D003ABF10 /* Main */ = {
			isa = PBXGroup;
			children = (
				EDF8430722156357009ABF71 /* AppDelegate.swift */,
				DB0660F421F793DA007F6989 /* Info.plist */,
			);
			path = Main;
			sourceTree = "<group>";
		};
		DBA6F3EC2211921F003ABF10 /* Assets */ = {
			isa = PBXGroup;
			children = (
				DB0660EF21F793D9007F6989 /* Assets.xcassets */,
			);
			path = Assets;
			sourceTree = "<group>";
		};
		ED77A4682216DA96004FF4B2 /* Edit */ = {
			isa = PBXGroup;
			children = (
				DB3BFA682211C4930074EE25 /* EmployeeProfileController.swift */,
				EDF64017221A9B19001332EC /* EmployeeProfileImagePicker.swift */,
			);
			path = Edit;
			sourceTree = "<group>";
		};
		EDF6401D221AA2AD001332EC /* Common */ = {
			isa = PBXGroup;
			children = (
				EDF84322221580D2009ABF71 /* ManagerTableViewController.swift */,
				EDF64019221AA094001332EC /* DepartmentTableViewController.swift */,
				EDF6401E221AA59A001332EC /* RoleTableViewController.swift */,
			);
			path = Common;
			sourceTree = "<group>";
		};
		EDF64022221AFCE3001332EC /* Views */ = {
			isa = PBXGroup;
			children = (
				DB3BFA662211BFB00074EE25 /* EmployeeProfile.swift */,
				EDF8431A22156B24009ABF71 /* AddEntityView.swift */,
				EDF8432B22159B04009ABF71 /* HomeTableView.swift */,
			);
			path = Views;
			sourceTree = "<group>";
		};
		EDF64023221AFCF6001332EC /* Cells */ = {
			isa = PBXGroup;
			children = (
				DBA6F3E622118FD4003ABF10 /* EmployeeCell.swift */,
				EDF8432622158F98009ABF71 /* ReusableHeader.swift */,
				EDF6401B221AA0CC001332EC /* GeneralCell.swift */,
				EDF64024221BFD67001332EC /* SelectableEmployeeCell.swift */,
			);
			path = Cells;
			sourceTree = "<group>";
		};
		EDF84309221566F1009ABF71 /* Common */ = {
			isa = PBXGroup;
			children = (
				EDF8430C22156755009ABF71 /* AlertController.swift */,
			);
			path = Common;
			sourceTree = "<group>";
		};
		EDF8431E22157C81009ABF71 /* Add */ = {
			isa = PBXGroup;
			children = (
				EDF8431F22157C9E009ABF71 /* AddMoreTextDelegate.swift */,
				DB0F28EF221302E900784EE5 /* AddMoreViewController.swift */,
				EDF843332215AE97009ABF71 /* AddMoreImagePickerExtension.swift */,
			);
			path = Add;
			sourceTree = "<group>";
		};
		EDF8432822159760009ABF71 /* Main */ = {
			isa = PBXGroup;
			children = (
				DBA6F3E422118B12003ABF10 /* HomeViewController.swift */,
				EDF64020221AEF94001332EC /* SectionData.swift */,
				EDF64026221C1442001332EC /* HomeTableViewDelegates.swift */,
			);
			path = Main;
			sourceTree = "<group>";
		};
/* End PBXGroup section */

/* Begin PBXNativeTarget section */
		DB0660E421F793D5007F6989 /* Internship */ = {
			isa = PBXNativeTarget;
			buildConfigurationList = DB06610D21F793DA007F6989 /* Build configuration list for PBXNativeTarget "Internship" */;
			buildPhases = (
				DB0660E121F793D5007F6989 /* Sources */,
				DB0660E221F793D5007F6989 /* Frameworks */,
				DB0660E321F793D5007F6989 /* Resources */,
			);
			buildRules = (
			);
			dependencies = (
			);
			name = Internship;
			productName = inern;
			productReference = DB0660E521F793D5007F6989 /* Internship.app */;
			productType = "com.apple.product-type.application";
		};
		DB0660F821F793DA007F6989 /* InternshipTests */ = {
			isa = PBXNativeTarget;
			buildConfigurationList = DB06611021F793DA007F6989 /* Build configuration list for PBXNativeTarget "InternshipTests" */;
			buildPhases = (
				DB0660F521F793DA007F6989 /* Sources */,
				DB0660F621F793DA007F6989 /* Frameworks */,
				DB0660F721F793DA007F6989 /* Resources */,
			);
			buildRules = (
			);
			dependencies = (
				DB0660FB21F793DA007F6989 /* PBXTargetDependency */,
			);
			name = InternshipTests;
			productName = inernTests;
			productReference = DB0660F921F793DA007F6989 /* InternshipTests.xctest */;
			productType = "com.apple.product-type.bundle.unit-test";
		};
		DB06610321F793DA007F6989 /* InternshipUITests */ = {
			isa = PBXNativeTarget;
			buildConfigurationList = DB06611321F793DA007F6989 /* Build configuration list for PBXNativeTarget "InternshipUITests" */;
			buildPhases = (
				DB06610021F793DA007F6989 /* Sources */,
				DB06610121F793DA007F6989 /* Frameworks */,
				DB06610221F793DA007F6989 /* Resources */,
			);
			buildRules = (
			);
			dependencies = (
				DB06610621F793DA007F6989 /* PBXTargetDependency */,
			);
			name = InternshipUITests;
			productName = inernUITests;
			productReference = DB06610421F793DA007F6989 /* InternshipUITests.xctest */;
			productType = "com.apple.product-type.bundle.ui-testing";
		};
/* End PBXNativeTarget section */

/* Begin PBXProject section */
		DB0660DD21F793D5007F6989 /* Project object */ = {
			isa = PBXProject;
			attributes = {
				LastSwiftUpdateCheck = 1010;
				LastUpgradeCheck = 1010;
				ORGANIZATIONNAME = "Andrey Popazov";
				TargetAttributes = {
					DB0660E421F793D5007F6989 = {
						CreatedOnToolsVersion = 10.1;
					};
					DB0660F821F793DA007F6989 = {
						CreatedOnToolsVersion = 10.1;
						TestTargetID = DB0660E421F793D5007F6989;
					};
					DB06610321F793DA007F6989 = {
						CreatedOnToolsVersion = 10.1;
						TestTargetID = DB0660E421F793D5007F6989;
					};
				};
			};
			buildConfigurationList = DB0660E021F793D5007F6989 /* Build configuration list for PBXProject "Internship" */;
			compatibilityVersion = "Xcode 9.3";
			developmentRegion = en;
			hasScannedForEncodings = 0;
			knownRegions = (
				en,
				Base,
			);
			mainGroup = DB0660DC21F793D5007F6989;
			productRefGroup = DB0660E621F793D5007F6989 /* Products */;
			projectDirPath = "";
			projectRoot = "";
			targets = (
				DB0660E421F793D5007F6989 /* Internship */,
				DB0660F821F793DA007F6989 /* InternshipTests */,
				DB06610321F793DA007F6989 /* InternshipUITests */,
			);
		};
/* End PBXProject section */

/* Begin PBXResourcesBuildPhase section */
		DB0660E321F793D5007F6989 /* Resources */ = {
			isa = PBXResourcesBuildPhase;
			buildActionMask = 2147483647;
			files = (
				DB0660F321F793DA007F6989 /* LaunchScreen.storyboard in Resources */,
				DB0660F021F793D9007F6989 /* Assets.xcassets in Resources */,
			);
			runOnlyForDeploymentPostprocessing = 0;
		};
		DB0660F721F793DA007F6989 /* Resources */ = {
			isa = PBXResourcesBuildPhase;
			buildActionMask = 2147483647;
			files = (
			);
			runOnlyForDeploymentPostprocessing = 0;
		};
		DB06610221F793DA007F6989 /* Resources */ = {
			isa = PBXResourcesBuildPhase;
			buildActionMask = 2147483647;
			files = (
			);
			runOnlyForDeploymentPostprocessing = 0;
		};
/* End PBXResourcesBuildPhase section */

/* Begin PBXSourcesBuildPhase section */
		DB0660E121F793D5007F6989 /* Sources */ = {
			isa = PBXSourcesBuildPhase;
			buildActionMask = 2147483647;
			files = (
				DB3BFA52221194C80074EE25 /* DataBaseManager.swift in Sources */,
				DBA6F3E722118FD4003ABF10 /* EmployeeCell.swift in Sources */,
				EDF8432C22159B04009ABF71 /* HomeTableView.swift in Sources */,
				EDF84323221580D2009ABF71 /* ManagerTableViewController.swift in Sources */,
				EDF6401C221AA0CC001332EC /* GeneralCell.swift in Sources */,
				EDF6401A221AA094001332EC /* DepartmentTableViewController.swift in Sources */,
				EDF8430822156358009ABF71 /* AppDelegate.swift in Sources */,
				EDF64021221AEF94001332EC /* SectionData.swift in Sources */,
				EDF8432722158F98009ABF71 /* ReusableHeader.swift in Sources */,
				EDF8432022157C9E009ABF71 /* AddMoreTextDelegate.swift in Sources */,
				DBA6F3E522118B12003ABF10 /* HomeViewController.swift in Sources */,
				DB3BFA5C2211A7060074EE25 /* DepartmentBook.xcdatamodeld in Sources */,
				EDF8430D22156755009ABF71 /* AlertController.swift in Sources */,
				EDF64025221BFD67001332EC /* SelectableEmployeeCell.swift in Sources */,
				EDF6401F221AA59A001332EC /* RoleTableViewController.swift in Sources */,
				EDF843342215AE97009ABF71 /* AddMoreImagePickerExtension.swift in Sources */,
				DB0F28F0221302E900784EE5 /* AddMoreViewController.swift in Sources */,
				EDF64018221A9B19001332EC /* EmployeeProfileImagePicker.swift in Sources */,
				EDF8431B22156B24009ABF71 /* AddEntityView.swift in Sources */,
				DB3BFA672211BFB00074EE25 /* EmployeeProfile.swift in Sources */,
				DB3BFA692211C4930074EE25 /* EmployeeProfileController.swift in Sources */,
				EDF64027221C1442001332EC /* HomeTableViewDelegates.swift in Sources */,
			);
			runOnlyForDeploymentPostprocessing = 0;
		};
		DB0660F521F793DA007F6989 /* Sources */ = {
			isa = PBXSourcesBuildPhase;
			buildActionMask = 2147483647;
			files = (
			);
			runOnlyForDeploymentPostprocessing = 0;
		};
		DB06610021F793DA007F6989 /* Sources */ = {
			isa = PBXSourcesBuildPhase;
			buildActionMask = 2147483647;
			files = (
			);
			runOnlyForDeploymentPostprocessing = 0;
		};
/* End PBXSourcesBuildPhase section */

/* Begin PBXTargetDependency section */
		DB0660FB21F793DA007F6989 /* PBXTargetDependency */ = {
			isa = PBXTargetDependency;
			target = DB0660E421F793D5007F6989 /* Internship */;
			targetProxy = DB0660FA21F793DA007F6989 /* PBXContainerItemProxy */;
		};
		DB06610621F793DA007F6989 /* PBXTargetDependency */ = {
			isa = PBXTargetDependency;
			target = DB0660E421F793D5007F6989 /* Internship */;
			targetProxy = DB06610521F793DA007F6989 /* PBXContainerItemProxy */;
		};
/* End PBXTargetDependency section */

/* Begin PBXVariantGroup section */
		DB0660F121F793DA007F6989 /* LaunchScreen.storyboard */ = {
			isa = PBXVariantGroup;
			children = (
				DB0660F221F793DA007F6989 /* Base */,
			);
			name = LaunchScreen.storyboard;
			sourceTree = "<group>";
		};
/* End PBXVariantGroup section */

/* Begin XCBuildConfiguration section */
		DB06610B21F793DA007F6989 /* Debug */ = {
			isa = XCBuildConfiguration;
			buildSettings = {
				ALWAYS_SEARCH_USER_PATHS = NO;
				CLANG_ANALYZER_NONNULL = YES;
				CLANG_ANALYZER_NUMBER_OBJECT_CONVERSION = YES_AGGRESSIVE;
				CLANG_CXX_LANGUAGE_STANDARD = "gnu++14";
				CLANG_CXX_LIBRARY = "libc++";
				CLANG_ENABLE_MODULES = YES;
				CLANG_ENABLE_OBJC_ARC = YES;
				CLANG_ENABLE_OBJC_WEAK = YES;
				CLANG_WARN_BLOCK_CAPTURE_AUTORELEASING = YES;
				CLANG_WARN_BOOL_CONVERSION = YES;
				CLANG_WARN_COMMA = YES;
				CLANG_WARN_CONSTANT_CONVERSION = YES;
				CLANG_WARN_DEPRECATED_OBJC_IMPLEMENTATIONS = YES;
				CLANG_WARN_DIRECT_OBJC_ISA_USAGE = YES_ERROR;
				CLANG_WARN_DOCUMENTATION_COMMENTS = YES;
				CLANG_WARN_EMPTY_BODY = YES;
				CLANG_WARN_ENUM_CONVERSION = YES;
				CLANG_WARN_INFINITE_RECURSION = YES;
				CLANG_WARN_INT_CONVERSION = YES;
				CLANG_WARN_NON_LITERAL_NULL_CONVERSION = YES;
				CLANG_WARN_OBJC_IMPLICIT_RETAIN_SELF = YES;
				CLANG_WARN_OBJC_LITERAL_CONVERSION = YES;
				CLANG_WARN_OBJC_ROOT_CLASS = YES_ERROR;
				CLANG_WARN_RANGE_LOOP_ANALYSIS = YES;
				CLANG_WARN_STRICT_PROTOTYPES = YES;
				CLANG_WARN_SUSPICIOUS_MOVE = YES;
				CLANG_WARN_UNGUARDED_AVAILABILITY = YES_AGGRESSIVE;
				CLANG_WARN_UNREACHABLE_CODE = YES;
				CLANG_WARN__DUPLICATE_METHOD_MATCH = YES;
				CODE_SIGN_IDENTITY = "iPhone Developer";
				COPY_PHASE_STRIP = NO;
				DEBUG_INFORMATION_FORMAT = dwarf;
				ENABLE_STRICT_OBJC_MSGSEND = YES;
				ENABLE_TESTABILITY = YES;
				GCC_C_LANGUAGE_STANDARD = gnu11;
				GCC_DYNAMIC_NO_PIC = NO;
				GCC_NO_COMMON_BLOCKS = YES;
				GCC_OPTIMIZATION_LEVEL = 0;
				GCC_PREPROCESSOR_DEFINITIONS = (
					"DEBUG=1",
					"$(inherited)",
				);
				GCC_WARN_64_TO_32_BIT_CONVERSION = YES;
				GCC_WARN_ABOUT_RETURN_TYPE = YES_ERROR;
				GCC_WARN_UNDECLARED_SELECTOR = YES;
				GCC_WARN_UNINITIALIZED_AUTOS = YES_AGGRESSIVE;
				GCC_WARN_UNUSED_FUNCTION = YES;
				GCC_WARN_UNUSED_VARIABLE = YES;
				IPHONEOS_DEPLOYMENT_TARGET = 12.1;
				MTL_ENABLE_DEBUG_INFO = INCLUDE_SOURCE;
				MTL_FAST_MATH = YES;
				ONLY_ACTIVE_ARCH = YES;
				SDKROOT = iphoneos;
				SWIFT_ACTIVE_COMPILATION_CONDITIONS = DEBUG;
				SWIFT_OPTIMIZATION_LEVEL = "-Onone";
			};
			name = Debug;
		};
		DB06610C21F793DA007F6989 /* Release */ = {
			isa = XCBuildConfiguration;
			buildSettings = {
				ALWAYS_SEARCH_USER_PATHS = NO;
				CLANG_ANALYZER_NONNULL = YES;
				CLANG_ANALYZER_NUMBER_OBJECT_CONVERSION = YES_AGGRESSIVE;
				CLANG_CXX_LANGUAGE_STANDARD = "gnu++14";
				CLANG_CXX_LIBRARY = "libc++";
				CLANG_ENABLE_MODULES = YES;
				CLANG_ENABLE_OBJC_ARC = YES;
				CLANG_ENABLE_OBJC_WEAK = YES;
				CLANG_WARN_BLOCK_CAPTURE_AUTORELEASING = YES;
				CLANG_WARN_BOOL_CONVERSION = YES;
				CLANG_WARN_COMMA = YES;
				CLANG_WARN_CONSTANT_CONVERSION = YES;
				CLANG_WARN_DEPRECATED_OBJC_IMPLEMENTATIONS = YES;
				CLANG_WARN_DIRECT_OBJC_ISA_USAGE = YES_ERROR;
				CLANG_WARN_DOCUMENTATION_COMMENTS = YES;
				CLANG_WARN_EMPTY_BODY = YES;
				CLANG_WARN_ENUM_CONVERSION = YES;
				CLANG_WARN_INFINITE_RECURSION = YES;
				CLANG_WARN_INT_CONVERSION = YES;
				CLANG_WARN_NON_LITERAL_NULL_CONVERSION = YES;
				CLANG_WARN_OBJC_IMPLICIT_RETAIN_SELF = YES;
				CLANG_WARN_OBJC_LITERAL_CONVERSION = YES;
				CLANG_WARN_OBJC_ROOT_CLASS = YES_ERROR;
				CLANG_WARN_RANGE_LOOP_ANALYSIS = YES;
				CLANG_WARN_STRICT_PROTOTYPES = YES;
				CLANG_WARN_SUSPICIOUS_MOVE = YES;
				CLANG_WARN_UNGUARDED_AVAILABILITY = YES_AGGRESSIVE;
				CLANG_WARN_UNREACHABLE_CODE = YES;
				CLANG_WARN__DUPLICATE_METHOD_MATCH = YES;
				CODE_SIGN_IDENTITY = "iPhone Developer";
				COPY_PHASE_STRIP = NO;
				DEBUG_INFORMATION_FORMAT = "dwarf-with-dsym";
				ENABLE_NS_ASSERTIONS = NO;
				ENABLE_STRICT_OBJC_MSGSEND = YES;
				GCC_C_LANGUAGE_STANDARD = gnu11;
				GCC_NO_COMMON_BLOCKS = YES;
				GCC_WARN_64_TO_32_BIT_CONVERSION = YES;
				GCC_WARN_ABOUT_RETURN_TYPE = YES_ERROR;
				GCC_WARN_UNDECLARED_SELECTOR = YES;
				GCC_WARN_UNINITIALIZED_AUTOS = YES_AGGRESSIVE;
				GCC_WARN_UNUSED_FUNCTION = YES;
				GCC_WARN_UNUSED_VARIABLE = YES;
				IPHONEOS_DEPLOYMENT_TARGET = 12.1;
				MTL_ENABLE_DEBUG_INFO = NO;
				MTL_FAST_MATH = YES;
				SDKROOT = iphoneos;
				SWIFT_COMPILATION_MODE = wholemodule;
				SWIFT_OPTIMIZATION_LEVEL = "-O";
				VALIDATE_PRODUCT = YES;
			};
			name = Release;
		};
		DB06610E21F793DA007F6989 /* Debug */ = {
			isa = XCBuildConfiguration;
			buildSettings = {
				ASSETCATALOG_COMPILER_APPICON_NAME = AppIcon;
				CODE_SIGN_STYLE = Automatic;
				DEVELOPMENT_TEAM = A3P55P4RYT;
				INFOPLIST_FILE = "$(SRCROOT)/Internship/Application/Main/Info.plist";
				LD_RUNPATH_SEARCH_PATHS = (
					"$(inherited)",
					"@executable_path/Frameworks",
				);
				PRODUCT_BUNDLE_IDENTIFIER = Andrey.Internship;
				PRODUCT_NAME = "$(TARGET_NAME)";
				SWIFT_VERSION = 4.2;
				TARGETED_DEVICE_FAMILY = "1,2";
			};
			name = Debug;
		};
		DB06610F21F793DA007F6989 /* Release */ = {
			isa = XCBuildConfiguration;
			buildSettings = {
				ASSETCATALOG_COMPILER_APPICON_NAME = AppIcon;
				CODE_SIGN_STYLE = Automatic;
				DEVELOPMENT_TEAM = A3P55P4RYT;
				INFOPLIST_FILE = "$(SRCROOT)/Internship/Application/Main/Info.plist";
				LD_RUNPATH_SEARCH_PATHS = (
					"$(inherited)",
					"@executable_path/Frameworks",
				);
				PRODUCT_BUNDLE_IDENTIFIER = Andrey.Internship;
				PRODUCT_NAME = "$(TARGET_NAME)";
				SWIFT_VERSION = 4.2;
				TARGETED_DEVICE_FAMILY = "1,2";
			};
			name = Release;
		};
		DB06611121F793DA007F6989 /* Debug */ = {
			isa = XCBuildConfiguration;
			buildSettings = {
				ALWAYS_EMBED_SWIFT_STANDARD_LIBRARIES = YES;
				BUNDLE_LOADER = "$(TEST_HOST)";
				CODE_SIGN_STYLE = Automatic;
				DEVELOPMENT_TEAM = A3P55P4RYT;
				INFOPLIST_FILE = inernTests/Info.plist;
				LD_RUNPATH_SEARCH_PATHS = (
					"$(inherited)",
					"@executable_path/Frameworks",
					"@loader_path/Frameworks",
				);
				PRODUCT_BUNDLE_IDENTIFIER = hjh.inernTests;
				PRODUCT_NAME = "$(TARGET_NAME)";
				SWIFT_VERSION = 4.2;
				TARGETED_DEVICE_FAMILY = "1,2";
				TEST_HOST = "$(BUILT_PRODUCTS_DIR)/Internship.app/Internship";
			};
			name = Debug;
		};
		DB06611221F793DA007F6989 /* Release */ = {
			isa = XCBuildConfiguration;
			buildSettings = {
				ALWAYS_EMBED_SWIFT_STANDARD_LIBRARIES = YES;
				BUNDLE_LOADER = "$(TEST_HOST)";
				CODE_SIGN_STYLE = Automatic;
				DEVELOPMENT_TEAM = A3P55P4RYT;
				INFOPLIST_FILE = inernTests/Info.plist;
				LD_RUNPATH_SEARCH_PATHS = (
					"$(inherited)",
					"@executable_path/Frameworks",
					"@loader_path/Frameworks",
				);
				PRODUCT_BUNDLE_IDENTIFIER = hjh.inernTests;
				PRODUCT_NAME = "$(TARGET_NAME)";
				SWIFT_VERSION = 4.2;
				TARGETED_DEVICE_FAMILY = "1,2";
				TEST_HOST = "$(BUILT_PRODUCTS_DIR)/Internship.app/Internship";
			};
			name = Release;
		};
		DB06611421F793DA007F6989 /* Debug */ = {
			isa = XCBuildConfiguration;
			buildSettings = {
				ALWAYS_EMBED_SWIFT_STANDARD_LIBRARIES = YES;
				CODE_SIGN_STYLE = Automatic;
				DEVELOPMENT_TEAM = A3P55P4RYT;
				INFOPLIST_FILE = inernUITests/Info.plist;
				LD_RUNPATH_SEARCH_PATHS = (
					"$(inherited)",
					"@executable_path/Frameworks",
					"@loader_path/Frameworks",
				);
				PRODUCT_BUNDLE_IDENTIFIER = hjh.inernUITests;
				PRODUCT_NAME = "$(TARGET_NAME)";
				SWIFT_VERSION = 4.2;
				TARGETED_DEVICE_FAMILY = "1,2";
				TEST_TARGET_NAME = inern;
			};
			name = Debug;
		};
		DB06611521F793DA007F6989 /* Release */ = {
			isa = XCBuildConfiguration;
			buildSettings = {
				ALWAYS_EMBED_SWIFT_STANDARD_LIBRARIES = YES;
				CODE_SIGN_STYLE = Automatic;
				DEVELOPMENT_TEAM = A3P55P4RYT;
				INFOPLIST_FILE = inernUITests/Info.plist;
				LD_RUNPATH_SEARCH_PATHS = (
					"$(inherited)",
					"@executable_path/Frameworks",
					"@loader_path/Frameworks",
				);
				PRODUCT_BUNDLE_IDENTIFIER = hjh.inernUITests;
				PRODUCT_NAME = "$(TARGET_NAME)";
				SWIFT_VERSION = 4.2;
				TARGETED_DEVICE_FAMILY = "1,2";
				TEST_TARGET_NAME = inern;
			};
			name = Release;
		};
/* End XCBuildConfiguration section */

/* Begin XCConfigurationList section */
		DB0660E021F793D5007F6989 /* Build configuration list for PBXProject "Internship" */ = {
			isa = XCConfigurationList;
			buildConfigurations = (
				DB06610B21F793DA007F6989 /* Debug */,
				DB06610C21F793DA007F6989 /* Release */,
			);
			defaultConfigurationIsVisible = 0;
			defaultConfigurationName = Release;
		};
		DB06610D21F793DA007F6989 /* Build configuration list for PBXNativeTarget "Internship" */ = {
			isa = XCConfigurationList;
			buildConfigurations = (
				DB06610E21F793DA007F6989 /* Debug */,
				DB06610F21F793DA007F6989 /* Release */,
			);
			defaultConfigurationIsVisible = 0;
			defaultConfigurationName = Release;
		};
		DB06611021F793DA007F6989 /* Build configuration list for PBXNativeTarget "InternshipTests" */ = {
			isa = XCConfigurationList;
			buildConfigurations = (
				DB06611121F793DA007F6989 /* Debug */,
				DB06611221F793DA007F6989 /* Release */,
			);
			defaultConfigurationIsVisible = 0;
			defaultConfigurationName = Release;
		};
		DB06611321F793DA007F6989 /* Build configuration list for PBXNativeTarget "InternshipUITests" */ = {
			isa = XCConfigurationList;
			buildConfigurations = (
				DB06611421F793DA007F6989 /* Debug */,
				DB06611521F793DA007F6989 /* Release */,
			);
			defaultConfigurationIsVisible = 0;
			defaultConfigurationName = Release;
		};
/* End XCConfigurationList section */

/* Begin XCVersionGroup section */
		DB3BFA5A2211A7060074EE25 /* DepartmentBook.xcdatamodeld */ = {
			isa = XCVersionGroup;
			children = (
				DB3BFA5B2211A7060074EE25 /* DepartmentBook.xcdatamodel */,
			);
			currentVersion = DB3BFA5B2211A7060074EE25 /* DepartmentBook.xcdatamodel */;
			path = DepartmentBook.xcdatamodeld;
			sourceTree = "<group>";
			versionGroupType = wrapper.xcdatamodel;
		};
/* End XCVersionGroup section */
	};
	rootObject = DB0660DD21F793D5007F6989 /* Project object */;
}
